
Microsoft Visual Studio Solution File, Format Version 12.00
# Visual Studio Version 17
VisualStudioVersion = 17.14.36408.4
MinimumVisualStudioVersion = 10.0.40219.1
Project("{2150E333-8FDC-42A3-9474-1A3956D46DE8}") = "Assignment", "Assignment", "{02EA681E-C7D8-13C7-8484-4AC65E1B71E8}"
EndProject
Project("{2150E333-8FDC-42A3-9474-1A3956D46DE8}") = "ClassContent", "ClassContent", "{DA369FB7-F87C-4276-8411-F3363303E71C}"
EndProject
Project("{2150E333-8FDC-42A3-9474-1A3956D46DE8}") = "Library", "Library", "{F4A842FF-A736-4E15-B3F7-8A27D5ACC9E3}"
EndProject
Project("{8BC9CEB8-8B4A-11D0-8D11-00A0C91BC942}") = "Assignment1", "Assignment\Assignment1\Assignment1.vcxproj", "{D263381E-925C-431B-9C5E-4B7B2315B28A}"
EndProject
Project("{8BC9CEB8-8B4A-11D0-8D11-00A0C91BC942}") = "Stack", "Library\Stack\Stack.vcxproj", "{0C1BD29B-79B7-40FA-AE9E-F3E4E825E1B5}"
EndProject
Project("{8BC9CEB8-8B4A-11D0-8D11-00A0C91BC942}") = "Utils", "Library\Utils\Utils.vcxproj", "{4112BC1B-D396-4CD0-B661-501281D6D2AC}"
EndProject
Project("{8BC9CEB8-8B4A-11D0-8D11-00A0C91BC942}") = "Assignment2", "Assignment\Assignment2\Assignment2.vcxproj", "{0175B1D9-00B1-4949-B6E5-0DBE00501F7C}"
EndProject
Project("{8BC9CEB8-8B4A-11D0-8D11-00A0C91BC942}") = "Assignment1_5", "Assignment\Assignment1_5\Assignment1_5.vcxproj", "{CFA5CC1D-45A9-4EBC-B50E-4488793A81B6}"
EndProject
Project("{8BC9CEB8-8B4A-11D0-8D11-00A0C91BC942}") = "ClassContent1", "ClassContent\ClassContent1\ClassContent1.vcxproj", "{63B9F3A4-6C86-4EC2-AF43-31B6D0404A5E}"
EndProject
Project("{8BC9CEB8-8B4A-11D0-8D11-00A0C91BC942}") = "Queue", "Library\Queue\Queue.vcxproj", "{DAF4BEDE-DB7C-4A4D-8338-FDBC08734A68}"
EndProject
Project("{8BC9CEB8-8B4A-11D0-8D11-00A0C91BC942}") = "ClassContent2", "ClassContent\ClassContent2\ClassContent2.vcxproj", "{785A440C-FFAB-4190-8D36-7933DEEA80BC}"
EndProject
Project("{8BC9CEB8-8B4A-11D0-8D11-00A0C91BC942}") = "ClassContent3", "ClassContent\ClassContent3\ClassContent3.vcxproj", "{27DCB134-3183-407B-B5B0-AA0FCDD8FA0E}"
EndProject
Project("{8BC9CEB8-8B4A-11D0-8D11-00A0C91BC942}") = "Assignment3", "Assignment\Assignment3\Assignment3.vcxproj", "{47F34D1C-D76D-485B-BE3D-DAF32AE40536}"
EndProject
Project("{8BC9CEB8-8B4A-11D0-8D11-00A0C91BC942}") = "Assignment4", "Assignment\Assignment4\Assignment4.vcxproj", "{4B69EF8B-124F-4A2D-9997-2C1E8603EA5C}"
EndProject
Project("{8BC9CEB8-8B4A-11D0-8D11-00A0C91BC942}") = "Assignment5", "Assignment\Assignment5\Assignment5.vcxproj", "{367C8F96-7809-4EA4-821C-A0160003036D}"
EndProject
Project("{8BC9CEB8-8B4A-11D0-8D11-00A0C91BC942}") = "Assignment6", "Assignment\Assignment6\Assignment6.vcxproj", "{E79EA2F0-C6AC-4D12-8899-6CA5C853EE34}"
EndProject
Project("{8BC9CEB8-8B4A-11D0-8D11-00A0C91BC942}") = "Assignment7", "Assignment\Assignment7\Assignment7.vcxproj", "{F4696181-89EE-466E-91DB-9733E8BB2AE6}"
EndProject
Project("{8BC9CEB8-8B4A-11D0-8D11-00A0C91BC942}") = "ClassContent4", "ClassContent\ClassContent4\ClassContent4.vcxproj", "{EA5E91E8-13AB-475A-B20D-20056EBA8C8C}"
EndProject
Project("{8BC9CEB8-8B4A-11D0-8D11-00A0C91BC942}") = "ClassContent5", "ClassContent\ClassContent5\ClassContent5.vcxproj", "{E3EC7B44-263F-49CD-83A3-7162AF427CA2}"
EndProject
Project("{8BC9CEB8-8B4A-11D0-8D11-00A0C91BC942}") = "Summary1", "Summary1\Summary1.vcxproj", "{A8242AA4-6057-4837-A560-658061468230}"
EndProject
Project("{8BC9CEB8-8B4A-11D0-8D11-00A0C91BC942}") = "Assignment8", "Assignment\Assignment8\Assignment8.vcxproj", "{1E0AF61A-3E6D-4624-BD13-D554D8B6CD43}"
EndProject
Project("{8BC9CEB8-8B4A-11D0-8D11-00A0C91BC942}") = "Assignment10", "Assignment\Assignment10\Assignment10.vcxproj", "{90788B84-2B35-4413-9DA6-A7F84EDCAF2B}"
EndProject
Project("{8BC9CEB8-8B4A-11D0-8D11-00A0C91BC942}") = "ClassContent6", "ClassContent\ClassContent6\ClassContent6.vcxproj", "{13D35BEE-C4E7-434E-BE4E-2812DDA47484}"
EndProject
Project("{8BC9CEB8-8B4A-11D0-8D11-00A0C91BC942}") = "Assignment9_A", "Assignment\Assignment9_A\Assignment9_A.vcxproj", "{D47F7573-20B6-4023-B044-2AC865EB44FD}"
EndProject
Project("{8BC9CEB8-8B4A-11D0-8D11-00A0C91BC942}") = "Assignment9_B", "Assignment\Assignment9_B\Assignment9_B.vcxproj", "{1043AB1B-2E37-4E0B-A73F-AFFF7CDAA492}"
EndProject
Project("{8BC9CEB8-8B4A-11D0-8D11-00A0C91BC942}") = "ClassContent7", "ClassContent\ClassContent7\ClassContent7.vcxproj", "{E061BC44-FD10-4388-B719-6AF0B252255E}"
EndProject
Project("{8BC9CEB8-8B4A-11D0-8D11-00A0C91BC942}") = "Assignment11", "Assignment\Assignment11\Assignment11.vcxproj", "{B61A0CD1-6ECA-4E29-A0FC-0343341A6712}"
EndProject
Global
	GlobalSection(SolutionConfigurationPlatforms) = preSolution
		Debug|x64 = Debug|x64
		Debug|x86 = Debug|x86
		Release|x64 = Release|x64
		Release|x86 = Release|x86
	EndGlobalSection
	GlobalSection(ProjectConfigurationPlatforms) = postSolution
		{D263381E-925C-431B-9C5E-4B7B2315B28A}.Debug|x64.ActiveCfg = Debug|x64
		{D263381E-925C-431B-9C5E-4B7B2315B28A}.Debug|x64.Build.0 = Debug|x64
		{D263381E-925C-431B-9C5E-4B7B2315B28A}.Debug|x86.ActiveCfg = Debug|Win32
		{D263381E-925C-431B-9C5E-4B7B2315B28A}.Debug|x86.Build.0 = Debug|Win32
		{D263381E-925C-431B-9C5E-4B7B2315B28A}.Release|x64.ActiveCfg = Release|x64
		{D263381E-925C-431B-9C5E-4B7B2315B28A}.Release|x64.Build.0 = Release|x64
		{D263381E-925C-431B-9C5E-4B7B2315B28A}.Release|x86.ActiveCfg = Release|Win32
		{D263381E-925C-431B-9C5E-4B7B2315B28A}.Release|x86.Build.0 = Release|Win32
		{0C1BD29B-79B7-40FA-AE9E-F3E4E825E1B5}.Debug|x64.ActiveCfg = Debug|x64
		{0C1BD29B-79B7-40FA-AE9E-F3E4E825E1B5}.Debug|x64.Build.0 = Debug|x64
		{0C1BD29B-79B7-40FA-AE9E-F3E4E825E1B5}.Debug|x86.ActiveCfg = Debug|Win32
		{0C1BD29B-79B7-40FA-AE9E-F3E4E825E1B5}.Debug|x86.Build.0 = Debug|Win32
		{0C1BD29B-79B7-40FA-AE9E-F3E4E825E1B5}.Release|x64.ActiveCfg = Release|x64
		{0C1BD29B-79B7-40FA-AE9E-F3E4E825E1B5}.Release|x64.Build.0 = Release|x64
		{0C1BD29B-79B7-40FA-AE9E-F3E4E825E1B5}.Release|x86.ActiveCfg = Release|Win32
		{0C1BD29B-79B7-40FA-AE9E-F3E4E825E1B5}.Release|x86.Build.0 = Release|Win32
		{4112BC1B-D396-4CD0-B661-501281D6D2AC}.Debug|x64.ActiveCfg = Debug|x64
		{4112BC1B-D396-4CD0-B661-501281D6D2AC}.Debug|x64.Build.0 = Debug|x64
		{4112BC1B-D396-4CD0-B661-501281D6D2AC}.Debug|x86.ActiveCfg = Debug|Win32
		{4112BC1B-D396-4CD0-B661-501281D6D2AC}.Debug|x86.Build.0 = Debug|Win32
		{4112BC1B-D396-4CD0-B661-501281D6D2AC}.Release|x64.ActiveCfg = Release|x64
		{4112BC1B-D396-4CD0-B661-501281D6D2AC}.Release|x64.Build.0 = Release|x64
		{4112BC1B-D396-4CD0-B661-501281D6D2AC}.Release|x86.ActiveCfg = Release|Win32
		{4112BC1B-D396-4CD0-B661-501281D6D2AC}.Release|x86.Build.0 = Release|Win32
		{0175B1D9-00B1-4949-B6E5-0DBE00501F7C}.Debug|x64.ActiveCfg = Debug|x64
		{0175B1D9-00B1-4949-B6E5-0DBE00501F7C}.Debug|x64.Build.0 = Debug|x64
		{0175B1D9-00B1-4949-B6E5-0DBE00501F7C}.Debug|x86.ActiveCfg = Debug|Win32
		{0175B1D9-00B1-4949-B6E5-0DBE00501F7C}.Debug|x86.Build.0 = Debug|Win32
		{0175B1D9-00B1-4949-B6E5-0DBE00501F7C}.Release|x64.ActiveCfg = Release|x64
		{0175B1D9-00B1-4949-B6E5-0DBE00501F7C}.Release|x64.Build.0 = Release|x64
		{0175B1D9-00B1-4949-B6E5-0DBE00501F7C}.Release|x86.ActiveCfg = Release|Win32
		{0175B1D9-00B1-4949-B6E5-0DBE00501F7C}.Release|x86.Build.0 = Release|Win32
		{CFA5CC1D-45A9-4EBC-B50E-4488793A81B6}.Debug|x64.ActiveCfg = Debug|x64
		{CFA5CC1D-45A9-4EBC-B50E-4488793A81B6}.Debug|x64.Build.0 = Debug|x64
		{CFA5CC1D-45A9-4EBC-B50E-4488793A81B6}.Debug|x86.ActiveCfg = Debug|Win32
		{CFA5CC1D-45A9-4EBC-B50E-4488793A81B6}.Debug|x86.Build.0 = Debug|Win32
		{CFA5CC1D-45A9-4EBC-B50E-4488793A81B6}.Release|x64.ActiveCfg = Release|x64
		{CFA5CC1D-45A9-4EBC-B50E-4488793A81B6}.Release|x64.Build.0 = Release|x64
		{CFA5CC1D-45A9-4EBC-B50E-4488793A81B6}.Release|x86.ActiveCfg = Release|Win32
		{CFA5CC1D-45A9-4EBC-B50E-4488793A81B6}.Release|x86.Build.0 = Release|Win32
		{63B9F3A4-6C86-4EC2-AF43-31B6D0404A5E}.Debug|x64.ActiveCfg = Debug|x64
		{63B9F3A4-6C86-4EC2-AF43-31B6D0404A5E}.Debug|x64.Build.0 = Debug|x64
		{63B9F3A4-6C86-4EC2-AF43-31B6D0404A5E}.Debug|x86.ActiveCfg = Debug|Win32
		{63B9F3A4-6C86-4EC2-AF43-31B6D0404A5E}.Debug|x86.Build.0 = Debug|Win32
		{63B9F3A4-6C86-4EC2-AF43-31B6D0404A5E}.Release|x64.ActiveCfg = Release|x64
		{63B9F3A4-6C86-4EC2-AF43-31B6D0404A5E}.Release|x64.Build.0 = Release|x64
		{63B9F3A4-6C86-4EC2-AF43-31B6D0404A5E}.Release|x86.ActiveCfg = Release|Win32
		{63B9F3A4-6C86-4EC2-AF43-31B6D0404A5E}.Release|x86.Build.0 = Release|Win32
		{DAF4BEDE-DB7C-4A4D-8338-FDBC08734A68}.Debug|x64.ActiveCfg = Debug|x64
		{DAF4BEDE-DB7C-4A4D-8338-FDBC08734A68}.Debug|x64.Build.0 = Debug|x64
		{DAF4BEDE-DB7C-4A4D-8338-FDBC08734A68}.Debug|x86.ActiveCfg = Debug|Win32
		{DAF4BEDE-DB7C-4A4D-8338-FDBC08734A68}.Debug|x86.Build.0 = Debug|Win32
		{DAF4BEDE-DB7C-4A4D-8338-FDBC08734A68}.Release|x64.ActiveCfg = Release|x64
		{DAF4BEDE-DB7C-4A4D-8338-FDBC08734A68}.Release|x64.Build.0 = Release|x64
		{DAF4BEDE-DB7C-4A4D-8338-FDBC08734A68}.Release|x86.ActiveCfg = Release|Win32
		{DAF4BEDE-DB7C-4A4D-8338-FDBC08734A68}.Release|x86.Build.0 = Release|Win32
		{785A440C-FFAB-4190-8D36-7933DEEA80BC}.Debug|x64.ActiveCfg = Debug|x64
		{785A440C-FFAB-4190-8D36-7933DEEA80BC}.Debug|x64.Build.0 = Debug|x64
		{785A440C-FFAB-4190-8D36-7933DEEA80BC}.Debug|x86.ActiveCfg = Debug|Win32
		{785A440C-FFAB-4190-8D36-7933DEEA80BC}.Debug|x86.Build.0 = Debug|Win32
		{785A440C-FFAB-4190-8D36-7933DEEA80BC}.Release|x64.ActiveCfg = Release|x64
		{785A440C-FFAB-4190-8D36-7933DEEA80BC}.Release|x64.Build.0 = Release|x64
		{785A440C-FFAB-4190-8D36-7933DEEA80BC}.Release|x86.ActiveCfg = Release|Win32
		{785A440C-FFAB-4190-8D36-7933DEEA80BC}.Release|x86.Build.0 = Release|Win32
		{27DCB134-3183-407B-B5B0-AA0FCDD8FA0E}.Debug|x64.ActiveCfg = Debug|x64
		{27DCB134-3183-407B-B5B0-AA0FCDD8FA0E}.Debug|x64.Build.0 = Debug|x64
		{27DCB134-3183-407B-B5B0-AA0FCDD8FA0E}.Debug|x86.ActiveCfg = Debug|Win32
		{27DCB134-3183-407B-B5B0-AA0FCDD8FA0E}.Debug|x86.Build.0 = Debug|Win32
		{27DCB134-3183-407B-B5B0-AA0FCDD8FA0E}.Release|x64.ActiveCfg = Release|x64
		{27DCB134-3183-407B-B5B0-AA0FCDD8FA0E}.Release|x64.Build.0 = Release|x64
		{27DCB134-3183-407B-B5B0-AA0FCDD8FA0E}.Release|x86.ActiveCfg = Release|Win32
		{27DCB134-3183-407B-B5B0-AA0FCDD8FA0E}.Release|x86.Build.0 = Release|Win32
		{47F34D1C-D76D-485B-BE3D-DAF32AE40536}.Debug|x64.ActiveCfg = Debug|x64
		{47F34D1C-D76D-485B-BE3D-DAF32AE40536}.Debug|x64.Build.0 = Debug|x64
		{47F34D1C-D76D-485B-BE3D-DAF32AE40536}.Debug|x86.ActiveCfg = Debug|Win32
		{47F34D1C-D76D-485B-BE3D-DAF32AE40536}.Debug|x86.Build.0 = Debug|Win32
		{47F34D1C-D76D-485B-BE3D-DAF32AE40536}.Release|x64.ActiveCfg = Release|x64
		{47F34D1C-D76D-485B-BE3D-DAF32AE40536}.Release|x64.Build.0 = Release|x64
		{47F34D1C-D76D-485B-BE3D-DAF32AE40536}.Release|x86.ActiveCfg = Release|Win32
		{47F34D1C-D76D-485B-BE3D-DAF32AE40536}.Release|x86.Build.0 = Release|Win32
		{4B69EF8B-124F-4A2D-9997-2C1E8603EA5C}.Debug|x64.ActiveCfg = Debug|x64
		{4B69EF8B-124F-4A2D-9997-2C1E8603EA5C}.Debug|x64.Build.0 = Debug|x64
		{4B69EF8B-124F-4A2D-9997-2C1E8603EA5C}.Debug|x86.ActiveCfg = Debug|Win32
		{4B69EF8B-124F-4A2D-9997-2C1E8603EA5C}.Debug|x86.Build.0 = Debug|Win32
		{4B69EF8B-124F-4A2D-9997-2C1E8603EA5C}.Release|x64.ActiveCfg = Release|x64
		{4B69EF8B-124F-4A2D-9997-2C1E8603EA5C}.Release|x64.Build.0 = Release|x64
		{4B69EF8B-124F-4A2D-9997-2C1E8603EA5C}.Release|x86.ActiveCfg = Release|Win32
		{4B69EF8B-124F-4A2D-9997-2C1E8603EA5C}.Release|x86.Build.0 = Release|Win32
		{367C8F96-7809-4EA4-821C-A0160003036D}.Debug|x64.ActiveCfg = Debug|x64
		{367C8F96-7809-4EA4-821C-A0160003036D}.Debug|x64.Build.0 = Debug|x64
		{367C8F96-7809-4EA4-821C-A0160003036D}.Debug|x86.ActiveCfg = Debug|Win32
		{367C8F96-7809-4EA4-821C-A0160003036D}.Debug|x86.Build.0 = Debug|Win32
		{367C8F96-7809-4EA4-821C-A0160003036D}.Release|x64.ActiveCfg = Release|x64
		{367C8F96-7809-4EA4-821C-A0160003036D}.Release|x64.Build.0 = Release|x64
		{367C8F96-7809-4EA4-821C-A0160003036D}.Release|x86.ActiveCfg = Release|Win32
		{367C8F96-7809-4EA4-821C-A0160003036D}.Release|x86.Build.0 = Release|Win32
		{E79EA2F0-C6AC-4D12-8899-6CA5C853EE34}.Debug|x64.ActiveCfg = Debug|x64
		{E79EA2F0-C6AC-4D12-8899-6CA5C853EE34}.Debug|x64.Build.0 = Debug|x64
		{E79EA2F0-C6AC-4D12-8899-6CA5C853EE34}.Debug|x86.ActiveCfg = Debug|Win32
		{E79EA2F0-C6AC-4D12-8899-6CA5C853EE34}.Debug|x86.Build.0 = Debug|Win32
		{E79EA2F0-C6AC-4D12-8899-6CA5C853EE34}.Release|x64.ActiveCfg = Release|x64
		{E79EA2F0-C6AC-4D12-8899-6CA5C853EE34}.Release|x64.Build.0 = Release|x64
		{E79EA2F0-C6AC-4D12-8899-6CA5C853EE34}.Release|x86.ActiveCfg = Release|Win32
		{E79EA2F0-C6AC-4D12-8899-6CA5C853EE34}.Release|x86.Build.0 = Release|Win32
		{F4696181-89EE-466E-91DB-9733E8BB2AE6}.Debug|x64.ActiveCfg = Debug|x64
		{F4696181-89EE-466E-91DB-9733E8BB2AE6}.Debug|x64.Build.0 = Debug|x64
		{F4696181-89EE-466E-91DB-9733E8BB2AE6}.Debug|x86.ActiveCfg = Debug|Win32
		{F4696181-89EE-466E-91DB-9733E8BB2AE6}.Debug|x86.Build.0 = Debug|Win32
		{F4696181-89EE-466E-91DB-9733E8BB2AE6}.Release|x64.ActiveCfg = Release|x64
		{F4696181-89EE-466E-91DB-9733E8BB2AE6}.Release|x64.Build.0 = Release|x64
		{F4696181-89EE-466E-91DB-9733E8BB2AE6}.Release|x86.ActiveCfg = Release|Win32
		{F4696181-89EE-466E-91DB-9733E8BB2AE6}.Release|x86.Build.0 = Release|Win32
		{EA5E91E8-13AB-475A-B20D-20056EBA8C8C}.Debug|x64.ActiveCfg = Debug|x64
		{EA5E91E8-13AB-475A-B20D-20056EBA8C8C}.Debug|x64.Build.0 = Debug|x64
		{EA5E91E8-13AB-475A-B20D-20056EBA8C8C}.Debug|x86.ActiveCfg = Debug|Win32
		{EA5E91E8-13AB-475A-B20D-20056EBA8C8C}.Debug|x86.Build.0 = Debug|Win32
		{EA5E91E8-13AB-475A-B20D-20056EBA8C8C}.Release|x64.ActiveCfg = Release|x64
		{EA5E91E8-13AB-475A-B20D-20056EBA8C8C}.Release|x64.Build.0 = Release|x64
		{EA5E91E8-13AB-475A-B20D-20056EBA8C8C}.Release|x86.ActiveCfg = Release|Win32
		{EA5E91E8-13AB-475A-B20D-20056EBA8C8C}.Release|x86.Build.0 = Release|Win32
		{E3EC7B44-263F-49CD-83A3-7162AF427CA2}.Debug|x64.ActiveCfg = Debug|x64
		{E3EC7B44-263F-49CD-83A3-7162AF427CA2}.Debug|x64.Build.0 = Debug|x64
		{E3EC7B44-263F-49CD-83A3-7162AF427CA2}.Debug|x86.ActiveCfg = Debug|Win32
		{E3EC7B44-263F-49CD-83A3-7162AF427CA2}.Debug|x86.Build.0 = Debug|Win32
		{E3EC7B44-263F-49CD-83A3-7162AF427CA2}.Release|x64.ActiveCfg = Release|x64
		{E3EC7B44-263F-49CD-83A3-7162AF427CA2}.Release|x64.Build.0 = Release|x64
		{E3EC7B44-263F-49CD-83A3-7162AF427CA2}.Release|x86.ActiveCfg = Release|Win32
		{E3EC7B44-263F-49CD-83A3-7162AF427CA2}.Release|x86.Build.0 = Release|Win32
		{A8242AA4-6057-4837-A560-658061468230}.Debug|x64.ActiveCfg = Debug|x64
		{A8242AA4-6057-4837-A560-658061468230}.Debug|x64.Build.0 = Debug|x64
		{A8242AA4-6057-4837-A560-658061468230}.Debug|x86.ActiveCfg = Debug|Win32
		{A8242AA4-6057-4837-A560-658061468230}.Debug|x86.Build.0 = Debug|Win32
		{A8242AA4-6057-4837-A560-658061468230}.Release|x64.ActiveCfg = Release|x64
		{A8242AA4-6057-4837-A560-658061468230}.Release|x64.Build.0 = Release|x64
		{A8242AA4-6057-4837-A560-658061468230}.Release|x86.ActiveCfg = Release|Win32
		{A8242AA4-6057-4837-A560-658061468230}.Release|x86.Build.0 = Release|Win32
		{1E0AF61A-3E6D-4624-BD13-D554D8B6CD43}.Debug|x64.ActiveCfg = Debug|x64
		{1E0AF61A-3E6D-4624-BD13-D554D8B6CD43}.Debug|x64.Build.0 = Debug|x64
		{1E0AF61A-3E6D-4624-BD13-D554D8B6CD43}.Debug|x86.ActiveCfg = Debug|Win32
		{1E0AF61A-3E6D-4624-BD13-D554D8B6CD43}.Debug|x86.Build.0 = Debug|Win32
		{1E0AF61A-3E6D-4624-BD13-D554D8B6CD43}.Release|x64.ActiveCfg = Release|x64
		{1E0AF61A-3E6D-4624-BD13-D554D8B6CD43}.Release|x64.Build.0 = Release|x64
		{1E0AF61A-3E6D-4624-BD13-D554D8B6CD43}.Release|x86.ActiveCfg = Release|Win32
		{1E0AF61A-3E6D-4624-BD13-D554D8B6CD43}.Release|x86.Build.0 = Release|Win32
		{90788B84-2B35-4413-9DA6-A7F84EDCAF2B}.Debug|x64.ActiveCfg = Debug|x64
		{90788B84-2B35-4413-9DA6-A7F84EDCAF2B}.Debug|x64.Build.0 = Debug|x64
		{90788B84-2B35-4413-9DA6-A7F84EDCAF2B}.Debug|x86.ActiveCfg = Debug|Win32
		{90788B84-2B35-4413-9DA6-A7F84EDCAF2B}.Debug|x86.Build.0 = Debug|Win32
		{90788B84-2B35-4413-9DA6-A7F84EDCAF2B}.Release|x64.ActiveCfg = Release|x64
		{90788B84-2B35-4413-9DA6-A7F84EDCAF2B}.Release|x64.Build.0 = Release|x64
		{90788B84-2B35-4413-9DA6-A7F84EDCAF2B}.Release|x86.ActiveCfg = Release|Win32
		{90788B84-2B35-4413-9DA6-A7F84EDCAF2B}.Release|x86.Build.0 = Release|Win32
		{13D35BEE-C4E7-434E-BE4E-2812DDA47484}.Debug|x64.ActiveCfg = Debug|x64
		{13D35BEE-C4E7-434E-BE4E-2812DDA47484}.Debug|x64.Build.0 = Debug|x64
		{13D35BEE-C4E7-434E-BE4E-2812DDA47484}.Debug|x86.ActiveCfg = Debug|Win32
		{13D35BEE-C4E7-434E-BE4E-2812DDA47484}.Debug|x86.Build.0 = Debug|Win32
		{13D35BEE-C4E7-434E-BE4E-2812DDA47484}.Release|x64.ActiveCfg = Release|x64
		{13D35BEE-C4E7-434E-BE4E-2812DDA47484}.Release|x64.Build.0 = Release|x64
		{13D35BEE-C4E7-434E-BE4E-2812DDA47484}.Release|x86.ActiveCfg = Release|Win32
		{13D35BEE-C4E7-434E-BE4E-2812DDA47484}.Release|x86.Build.0 = Release|Win32
		{D47F7573-20B6-4023-B044-2AC865EB44FD}.Debug|x64.ActiveCfg = Debug|x64
		{D47F7573-20B6-4023-B044-2AC865EB44FD}.Debug|x64.Build.0 = Debug|x64
		{D47F7573-20B6-4023-B044-2AC865EB44FD}.Debug|x86.ActiveCfg = Debug|Win32
		{D47F7573-20B6-4023-B044-2AC865EB44FD}.Debug|x86.Build.0 = Debug|Win32
		{D47F7573-20B6-4023-B044-2AC865EB44FD}.Release|x64.ActiveCfg = Release|x64
		{D47F7573-20B6-4023-B044-2AC865EB44FD}.Release|x64.Build.0 = Release|x64
		{D47F7573-20B6-4023-B044-2AC865EB44FD}.Release|x86.ActiveCfg = Release|Win32
		{D47F7573-20B6-4023-B044-2AC865EB44FD}.Release|x86.Build.0 = Release|Win32
		{1043AB1B-2E37-4E0B-A73F-AFFF7CDAA492}.Debug|x64.ActiveCfg = Debug|x64
		{1043AB1B-2E37-4E0B-A73F-AFFF7CDAA492}.Debug|x64.Build.0 = Debug|x64
		{1043AB1B-2E37-4E0B-A73F-AFFF7CDAA492}.Debug|x86.ActiveCfg = Debug|Win32
		{1043AB1B-2E37-4E0B-A73F-AFFF7CDAA492}.Debug|x86.Build.0 = Debug|Win32
		{1043AB1B-2E37-4E0B-A73F-AFFF7CDAA492}.Release|x64.ActiveCfg = Release|x64
		{1043AB1B-2E37-4E0B-A73F-AFFF7CDAA492}.Release|x64.Build.0 = Release|x64
		{1043AB1B-2E37-4E0B-A73F-AFFF7CDAA492}.Release|x86.ActiveCfg = Release|Win32
		{1043AB1B-2E37-4E0B-A73F-AFFF7CDAA492}.Release|x86.Build.0 = Release|Win32
		{E061BC44-FD10-4388-B719-6AF0B252255E}.Debug|x64.ActiveCfg = Debug|x64
		{E061BC44-FD10-4388-B719-6AF0B252255E}.Debug|x64.Build.0 = Debug|x64
		{E061BC44-FD10-4388-B719-6AF0B252255E}.Debug|x86.ActiveCfg = Debug|Win32
		{E061BC44-FD10-4388-B719-6AF0B252255E}.Debug|x86.Build.0 = Debug|Win32
		{E061BC44-FD10-4388-B719-6AF0B252255E}.Release|x64.ActiveCfg = Release|x64
		{E061BC44-FD10-4388-B719-6AF0B252255E}.Release|x64.Build.0 = Release|x64
		{E061BC44-FD10-4388-B719-6AF0B252255E}.Release|x86.ActiveCfg = Release|Win32
		{E061BC44-FD10-4388-B719-6AF0B252255E}.Release|x86.Build.0 = Release|Win32
		{B61A0CD1-6ECA-4E29-A0FC-0343341A6712}.Debug|x64.ActiveCfg = Debug|x64
		{B61A0CD1-6ECA-4E29-A0FC-0343341A6712}.Debug|x64.Build.0 = Debug|x64
		{B61A0CD1-6ECA-4E29-A0FC-0343341A6712}.Debug|x86.ActiveCfg = Debug|Win32
		{B61A0CD1-6ECA-4E29-A0FC-0343341A6712}.Debug|x86.Build.0 = Debug|Win32
		{B61A0CD1-6ECA-4E29-A0FC-0343341A6712}.Release|x64.ActiveCfg = Release|x64
		{B61A0CD1-6ECA-4E29-A0FC-0343341A6712}.Release|x64.Build.0 = Release|x64
		{B61A0CD1-6ECA-4E29-A0FC-0343341A6712}.Release|x86.ActiveCfg = Release|Win32
		{B61A0CD1-6ECA-4E29-A0FC-0343341A6712}.Release|x86.Build.0 = Release|Win32
	EndGlobalSection
	GlobalSection(SolutionProperties) = preSolution
		HideSolutionNode = FALSE
	EndGlobalSection
	GlobalSection(NestedProjects) = preSolution
		{D263381E-925C-431B-9C5E-4B7B2315B28A} = {02EA681E-C7D8-13C7-8484-4AC65E1B71E8}
		{0C1BD29B-79B7-40FA-AE9E-F3E4E825E1B5} = {F4A842FF-A736-4E15-B3F7-8A27D5ACC9E3}
		{4112BC1B-D396-4CD0-B661-501281D6D2AC} = {F4A842FF-A736-4E15-B3F7-8A27D5ACC9E3}
		{0175B1D9-00B1-4949-B6E5-0DBE00501F7C} = {02EA681E-C7D8-13C7-8484-4AC65E1B71E8}
		{CFA5CC1D-45A9-4EBC-B50E-4488793A81B6} = {02EA681E-C7D8-13C7-8484-4AC65E1B71E8}
		{63B9F3A4-6C86-4EC2-AF43-31B6D0404A5E} = {DA369FB7-F87C-4276-8411-F3363303E71C}
		{DAF4BEDE-DB7C-4A4D-8338-FDBC08734A68} = {F4A842FF-A736-4E15-B3F7-8A27D5ACC9E3}
		{785A440C-FFAB-4190-8D36-7933DEEA80BC} = {DA369FB7-F87C-4276-8411-F3363303E71C}
		{27DCB134-3183-407B-B5B0-AA0FCDD8FA0E} = {DA369FB7-F87C-4276-8411-F3363303E71C}
		{47F34D1C-D76D-485B-BE3D-DAF32AE40536} = {02EA681E-C7D8-13C7-8484-4AC65E1B71E8}
		{4B69EF8B-124F-4A2D-9997-2C1E8603EA5C} = {02EA681E-C7D8-13C7-8484-4AC65E1B71E8}
		{367C8F96-7809-4EA4-821C-A0160003036D} = {02EA681E-C7D8-13C7-8484-4AC65E1B71E8}
		{E79EA2F0-C6AC-4D12-8899-6CA5C853EE34} = {02EA681E-C7D8-13C7-8484-4AC65E1B71E8}
		{F4696181-89EE-466E-91DB-9733E8BB2AE6} = {02EA681E-C7D8-13C7-8484-4AC65E1B71E8}
		{EA5E91E8-13AB-475A-B20D-20056EBA8C8C} = {DA369FB7-F87C-4276-8411-F3363303E71C}
		{E3EC7B44-263F-49CD-83A3-7162AF427CA2} = {DA369FB7-F87C-4276-8411-F3363303E71C}
		{1E0AF61A-3E6D-4624-BD13-D554D8B6CD43} = {02EA681E-C7D8-13C7-8484-4AC65E1B71E8}
		{90788B84-2B35-4413-9DA6-A7F84EDCAF2B} = {02EA681E-C7D8-13C7-8484-4AC65E1B71E8}
		{13D35BEE-C4E7-434E-BE4E-2812DDA47484} = {DA369FB7-F87C-4276-8411-F3363303E71C}
		{D47F7573-20B6-4023-B044-2AC865EB44FD} = {02EA681E-C7D8-13C7-8484-4AC65E1B71E8}
		{1043AB1B-2E37-4E0B-A73F-AFFF7CDAA492} = {02EA681E-C7D8-13C7-8484-4AC65E1B71E8}
		{E061BC44-FD10-4388-B719-6AF0B252255E} = {DA369FB7-F87C-4276-8411-F3363303E71C}
		{B61A0CD1-6ECA-4E29-A0FC-0343341A6712} = {02EA681E-C7D8-13C7-8484-4AC65E1B71E8}
	EndGlobalSection
	GlobalSection(ExtensibilityGlobals) = postSolution
		SolutionGuid = {F39B4BE4-9698-4EEE-98F6-FC2D352564B1}
	EndGlobalSection
EndGlobal
